
Microsoft Visual Studio Solution File, Format Version 12.00
# Visual Studio Version 16
VisualStudioVersion = 16.0.30330.147
MinimumVisualStudioVersion = 10.0.40219.1
Project("{FAE04EC0-301F-11D3-BF4B-00C04F79EFBC}") = "ScoreTracker", "ScoreTracker\ScoreTracker.csproj", "{7A68F5C1-E503-41F6-9F76-B5BB52C3ABFC}"
EndProject
Project("{FAE04EC0-301F-11D3-BF4B-00C04F79EFBC}") = "ScoreTrackerTests", "ScoreTrackerTests\ScoreTrackerTests.csproj", "{03733CAC-A2B4-465B-B03A-39E56AB11E8A}"
EndProject
Global
	GlobalSection(SolutionConfigurationPlatforms) = preSolution
		Debug|Any CPU = Debug|Any CPU
		Release|Any CPU = Release|Any CPU
	EndGlobalSection
	GlobalSection(ProjectConfigurationPlatforms) = postSolution
		{7A68F5C1-E503-41F6-9F76-B5BB52C3ABFC}.Debug|Any CPU.ActiveCfg = Debug|Any CPU
		{7A68F5C1-E503-41F6-9F76-B5BB52C3ABFC}.Debug|Any CPU.Build.0 = Debug|Any CPU
		{7A68F5C1-E503-41F6-9F76-B5BB52C3ABFC}.Release|Any CPU.ActiveCfg = Release|Any CPU
		{7A68F5C1-E503-41F6-9F76-B5BB52C3ABFC}.Release|Any CPU.Build.0 = Release|Any CPU
		{03733CAC-A2B4-465B-B03A-39E56AB11E8A}.Debug|Any CPU.ActiveCfg = Debug|Any CPU
		{03733CAC-A2B4-465B-B03A-39E56AB11E8A}.Debug|Any CPU.Build.0 = Debug|Any CPU
		{03733CAC-A2B4-465B-B03A-39E56AB11E8A}.Release|Any CPU.ActiveCfg = Release|Any CPU
		{03733CAC-A2B4-465B-B03A-39E56AB11E8A}.Release|Any CPU.Build.0 = Release|Any CPU
	EndGlobalSection
	GlobalSection(SolutionProperties) = preSolution
		HideSolutionNode = FALSE
	EndGlobalSection
	GlobalSection(ExtensibilityGlobals) = postSolution
		SolutionGuid = {3BCBCD1D-67B5-4F36-A684-CD2C2FADB8D7}
	EndGlobalSection
EndGlobal
